{
  "name": "travelnotes",
  "version": "4.4.0-alpha.2",
  "lockfileVersion": 3,
  "requires": true,
  "packages": {
    "": {
      "name": "travelnotes",
      "version": "4.4.0-alpha.2",
      "license": "GPL-3.0",
      "dependencies": {
        "leaflet": "latest"
      },
      "devDependencies": {
        "osrm-text-instructions": "latest"
      }
    },
    "node_modules/leaflet": {
      "version": "1.9.4",
      "resolved": "https://registry.npmjs.org/leaflet/-/leaflet-1.9.4.tgz",
      "integrity": "sha512-nxS1ynzJOmOlHp+iL3FyWqK89GtNL8U8rvlMOsQdTTssxZwCXh8N2NB3GDQOL+YR3XnWyZAxwQixURb+FA74PA==",
      "license": "BSD-2-Clause"
    },
    "node_modules/osrm-text-instructions": {
      "version": "0.15.0",
      "resolved": "https://registry.npmjs.org/osrm-text-instructions/-/osrm-text-instructions-0.15.0.tgz",
      "integrity": "sha512-VxhAtFZ1H4mYJxbHI2nN94GCrWkbScSuD12slCxuAFkgAJdZPnAKjvymH2gTaRtcn7u0sJmn+BUpaME5ndW9hQ==",
      "dev": true,
      "license": "BSD-2-Clause"
    }
  }
}
